
Microsoft Visual Studio Solution File, Format Version 12.00
# Visual Studio Version 17
VisualStudioVersion = 17.1.32407.343
MinimumVisualStudioVersion = 10.0.40219.1
Project("{FAE04EC0-301F-11D3-BF4B-00C04F79EFBC}") = "WF_Catalog", "WF_Catalog\WF_Catalog.csproj", "{FF9507AC-6EDB-4213-878A-EE02ED0B2B46}"
EndProject
Global
	GlobalSection(SolutionConfigurationPlatforms) = preSolution
		Debug|Any CPU = Debug|Any CPU
		Release|Any CPU = Release|Any CPU
	EndGlobalSection
	GlobalSection(ProjectConfigurationPlatforms) = postSolution
		{FF9507AC-6EDB-4213-878A-EE02ED0B2B46}.Debug|Any CPU.ActiveCfg = Debug|Any CPU
		{FF9507AC-6EDB-4213-878A-EE02ED0B2B46}.Debug|Any CPU.Build.0 = Debug|Any CPU
		{FF9507AC-6EDB-4213-878A-EE02ED0B2B46}.Release|Any CPU.ActiveCfg = Release|Any CPU
		{FF9507AC-6EDB-4213-878A-EE02ED0B2B46}.Release|Any CPU.Build.0 = Release|Any CPU
	EndGlobalSection
	GlobalSection(SolutionProperties) = preSolution
		HideSolutionNode = FALSE
	EndGlobalSection
	GlobalSection(ExtensibilityGlobals) = postSolution
		SolutionGuid = {CD351D76-BE88-499C-B5B3-B2EDE2B3625C}
	EndGlobalSection
EndGlobal
